// !$*UTF8*$!
{
	archiveVersion = 1;
	classes = {
	};
	objectVersion = 50;
	objects = {

/* Begin PBXBuildFile section */
		D37AE3FE20ABF90100D15B45 /* AppDelegate.swift in Sources */ = {isa = PBXBuildFile; fileRef = D37AE3FD20ABF90100D15B45 /* AppDelegate.swift */; };
		D37AE40020ABF90100D15B45 /* ViewController.swift in Sources */ = {isa = PBXBuildFile; fileRef = D37AE3FF20ABF90100D15B45 /* ViewController.swift */; };
		D37AE40320ABF90100D15B45 /* Main.storyboard in Resources */ = {isa = PBXBuildFile; fileRef = D37AE40120ABF90100D15B45 /* Main.storyboard */; };
		D37AE40620ABF90100D15B45 /* ExTableViewApp.xcdatamodeld in Sources */ = {isa = PBXBuildFile; fileRef = D37AE40420ABF90100D15B45 /* ExTableViewApp.xcdatamodeld */; };
		D37AE40820ABF90100D15B45 /* Assets.xcassets in Resources */ = {isa = PBXBuildFile; fileRef = D37AE40720ABF90100D15B45 /* Assets.xcassets */; };
		D37AE40B20ABF90100D15B45 /* LaunchScreen.storyboard in Resources */ = {isa = PBXBuildFile; fileRef = D37AE40920ABF90100D15B45 /* LaunchScreen.storyboard */; };
/* End PBXBuildFile section */

/* Begin PBXFileReference section */
		D37AE3FA20ABF90100D15B45 /* ExTableViewApp.app */ = {isa = PBXFileReference; explicitFileType = wrapper.application; includeInIndex = 0; path = ExTableViewApp.app; sourceTree = BUILT_PRODUCTS_DIR; };
		D37AE3FD20ABF90100D15B45 /* AppDelegate.swift */ = {isa = PBXFileReference; lastKnownFileType = sourcecode.swift; path = AppDelegate.swift; sourceTree = "<group>"; };
		D37AE3FF20ABF90100D15B45 /* ViewController.swift */ = {isa = PBXFileReference; lastKnownFileType = sourcecode.swift; path = ViewController.swift; sourceTree = "<group>"; };
		D37AE40220ABF90100D15B45 /* Base */ = {isa = PBXFileReference; lastKnownFileType = file.storyboard; name = Base; path = Base.lproj/Main.storyboard; sourceTree = "<group>"; };
		D37AE40520ABF90100D15B45 /* ExTableViewApp.xcdatamodel */ = {isa = PBXFileReference; lastKnownFileType = wrapper.xcdatamodel; path = ExTableViewApp.xcdatamodel; sourceTree = "<group>"; };
		D37AE40720ABF90100D15B45 /* Assets.xcassets */ = {isa = PBXFileReference; lastKnownFileType = folder.assetcatalog; path = Assets.xcassets; sourceTree = "<group>"; };
		D37AE40A20ABF90100D15B45 /* Base */ = {isa = PBXFileReference; lastKnownFileType = file.storyboard; name = Base; path = Base.lproj/LaunchScreen.storyboard; sourceTree = "<group>"; };
		D37AE40C20ABF90100D15B45 /* Info.plist */ = {isa = PBXFileReference; lastKnownFileType = text.plist.xml; path = Info.plist; sourceTree = "<group>"; };
/* End PBXFileReference section */

/* Begin PBXFrameworksBuildPhase section */
		D37AE3F720ABF90100D15B45 /* Frameworks */ = {
			isa = PBXFrameworksBuildPhase;
			buildActionMask = 2147483647;
			files = (
			);
			runOnlyForDeploymentPostprocessing = 0;
		};
/* End PBXFrameworksBuildPhase section */

/* Begin PBXGroup section */
		D37AE3F120ABF90100D15B45 = {
			isa = PBXGroup;
			children = (
				D37AE3FC20ABF90100D15B45 /* ExTableViewApp */,
				D37AE3FB20ABF90100D15B45 /* Products */,
			);
			sourceTree = "<group>";
		};
		D37AE3FB20ABF90100D15B45 /* Products */ = {
			isa = PBXGroup;
			children = (
				D37AE3FA20ABF90100D15B45 /* ExTableViewApp.app */,
			);
			name = Products;
			sourceTree = "<group>";
		};
		D37AE3FC20ABF90100D15B45 /* ExTableViewApp */ = {
			isa = PBXGroup;
			children = (
				D37AE3FD20ABF90100D15B45 /* AppDelegate.swift */,
				D37AE3FF20ABF90100D15B45 /* ViewController.swift */,
				D37AE40120ABF90100D15B45 /* Main.storyboard */,
				D37AE40720ABF90100D15B45 /* Assets.xcassets */,
				D37AE40920ABF90100D15B45 /* LaunchScreen.storyboard */,
				D37AE40C20ABF90100D15B45 /* Info.plist */,
				D37AE40420ABF90100D15B45 /* ExTableViewApp.xcdatamodeld */,
			);
			path = ExTableViewApp;
			sourceTree = "<group>";
		};
/* End PBXGroup section */

/* Begin PBXNativeTarget section */
		D37AE3F920ABF90100D15B45 /* ExTableViewApp */ = {
			isa = PBXNativeTarget;
			buildConfigurationList = D37AE40F20ABF90100D15B45 /* Build configuration list for PBXNativeTarget "ExTableViewApp" */;
			buildPhases = (
				D37AE3F620ABF90100D15B45 /* Sources */,
				D37AE3F720ABF90100D15B45 /* Frameworks */,
				D37AE3F820ABF90100D15B45 /* Resources */,
			);
			buildRules = (
			);
			dependencies = (
			);
			name = ExTableViewApp;
			productName = ExTableViewApp;
			productReference = D37AE3FA20ABF90100D15B45 /* ExTableViewApp.app */;
			productType = "com.apple.product-type.application";
		};
/* End PBXNativeTarget section */

/* Begin PBXProject section */
		D37AE3F220ABF90100D15B45 /* Project object */ = {
			isa = PBXProject;
			attributes = {
				LastSwiftUpdateCheck = 0930;
				LastUpgradeCheck = 0930;
				ORGANIZATIONNAME = jung;
				TargetAttributes = {
					D37AE3F920ABF90100D15B45 = {
						CreatedOnToolsVersion = 9.3;
					};
				};
			};
			buildConfigurationList = D37AE3F520ABF90100D15B45 /* Build configuration list for PBXProject "ExTableViewApp" */;
			compatibilityVersion = "Xcode 9.3";
			developmentRegion = en;
			hasScannedForEncodings = 0;
			knownRegions = (
				en,
				Base,
			);
			mainGroup = D37AE3F120ABF90100D15B45;
			productRefGroup = D37AE3FB20ABF90100D15B45 /* Products */;
			projectDirPath = "";
			projectRoot = "";
			targets = (
				D37AE3F920ABF90100D15B45 /* ExTableViewApp */,
			);
		};
/* End PBXProject section */

/* Begin PBXResourcesBuildPhase section */
		D37AE3F820ABF90100D15B45 /* Resources */ = {
			isa = PBXResourcesBuildPhase;
			buildActionMask = 2147483647;
			files = (
				D37AE40B20ABF90100D15B45 /* LaunchScreen.storyboard in Resources */,
				D37AE40820ABF90100D15B45 /* Assets.xcassets in Resources */,
				D37AE40320ABF90100D15B45 /* Main.storyboard in Resources */,
			);
			runOnlyForDeploymentPostprocessing = 0;
		};
/* End PBXResourcesBuildPhase section */

/* Begin PBXSourcesBuildPhase section */
		D37AE3F620ABF90100D15B45 /* Sources */ = {
			isa = PBXSourcesBuildPhase;
			buildActionMask = 2147483647;
			files = (
				D37AE40020ABF90100D15B45 /* ViewController.swift in Sources */,
				D37AE40620ABF90100D15B45 /* ExTableViewApp.xcdatamodeld in Sources */,
				D37AE3FE20ABF90100D15B45 /* AppDelegate.swift in Sources */,
			);
			runOnlyForDeploymentPostprocessing = 0;
		};
/* End PBXSourcesBuildPhase section */

/* Begin PBXVariantGroup section */
		D37AE40120ABF90100D15B45 /* Main.storyboard */ = {
			isa = PBXVariantGroup;
			children = (
				D37AE40220ABF90100D15B45 /* Base */,
			);
			name = Main.storyboard;
			sourceTree = "<group>";
		};
		D37AE40920ABF90100D15B45 /* LaunchScreen.storyboard */ = {
			isa = PBXVariantGroup;
			children = (
				D37AE40A20ABF90100D15B45 /* Base */,
			);
			name = LaunchScreen.storyboard;
			sourceTree = "<group>";
		};
/* End PBXVariantGroup section */

/* Begin XCBuildConfiguration section */
		D37AE40D20ABF90100D15B45 /* Debug */ = {
			isa = XCBuildConfiguration;
			buildSettings = {
				ALWAYS_SEARCH_USER_PATHS = NO;
				CLANG_ANALYZER_NONNULL = YES;
				CLANG_ANALYZER_NUMBER_OBJECT_CONVERSION = YES_AGGRESSIVE;
				CLANG_CXX_LANGUAGE_STANDARD = "gnu++14";
				CLANG_CXX_LIBRARY = "libc++";
				CLANG_ENABLE_MODULES = YES;
				CLANG_ENABLE_OBJC_ARC = YES;
				CLANG_ENABLE_OBJC_WEAK = YES;
				CLANG_WARN_BLOCK_CAPTURE_AUTORELEASING = YES;
				CLANG_WARN_BOOL_CONVERSION = YES;
				CLANG_WARN_COMMA = YES;
				CLANG_WARN_CONSTANT_CONVERSION = YES;
				CLANG_WARN_DEPRECATED_OBJC_IMPLEMENTATIONS = YES;
				CLANG_WARN_DIRECT_OBJC_ISA_USAGE = YES_ERROR;
				CLANG_WARN_DOCUMENTATION_COMMENTS = YES;
				CLANG_WARN_EMPTY_BODY = YES;
				CLANG_WARN_ENUM_CONVERSION = YES;
				CLANG_WARN_INFINITE_RECURSION = YES;
				CLANG_WARN_INT_CONVERSION = YES;
				CLANG_WARN_NON_LITERAL_NULL_CONVERSION = YES;
				CLANG_WARN_OBJC_IMPLICIT_RETAIN_SELF = YES;
				CLANG_WARN_OBJC_LITERAL_CONVERSION = YES;
				CLANG_WARN_OBJC_ROOT_CLASS = YES_ERROR;
				CLANG_WARN_RANGE_LOOP_ANALYSIS = YES;
				CLANG_WARN_STRICT_PROTOTYPES = YES;
				CLANG_WARN_SUSPICIOUS_MOVE = YES;
				CLANG_WARN_UNGUARDED_AVAILABILITY = YES_AGGRESSIVE;
				CLANG_WARN_UNREACHABLE_CODE = YES;
				CLANG_WARN__DUPLICATE_METHOD_MATCH = YES;
				CODE_SIGN_IDENTITY = "iPhone Developer";
				COPY_PHASE_STRIP = NO;
				DEBUG_INFORMATION_FORMAT = dwarf;
				ENABLE_STRICT_OBJC_MSGSEND = YES;
				ENABLE_TESTABILITY = YES;
				GCC_C_LANGUAGE_STANDARD = gnu11;
				GCC_DYNAMIC_NO_PIC = NO;
				GCC_NO_COMMON_BLOCKS = YES;
				GCC_OPTIMIZATION_LEVEL = 0;
				GCC_PREPROCESSOR_DEFINITIONS = (
					"DEBUG=1",
					"$(inherited)",
				);
				GCC_WARN_64_TO_32_BIT_CONVERSION = YES;
				GCC_WARN_ABOUT_RETURN_TYPE = YES_ERROR;
				GCC_WARN_UNDECLARED_SELECTOR = YES;
				GCC_WARN_UNINITIALIZED_AUTOS = YES_AGGRESSIVE;
				GCC_WARN_UNUSED_FUNCTION = YES;
				GCC_WARN_UNUSED_VARIABLE = YES;
				IPHONEOS_DEPLOYMENT_TARGET = 11.3;
				MTL_ENABLE_DEBUG_INFO = YES;
				ONLY_ACTIVE_ARCH = YES;
				SDKROOT = iphoneos;
				SWIFT_ACTIVE_COMPILATION_CONDITIONS = DEBUG;
				SWIFT_OPTIMIZATION_LEVEL = "-Onone";
			};
			name = Debug;
		};
		D37AE40E20ABF90100D15B45 /* Release */ = {
			isa = XCBuildConfiguration;
			buildSettings = {
				ALWAYS_SEARCH_USER_PATHS = NO;
				CLANG_ANALYZER_NONNULL = YES;
				CLANG_ANALYZER_NUMBER_OBJECT_CONVERSION = YES_AGGRESSIVE;
				CLANG_CXX_LANGUAGE_STANDARD = "gnu++14";
				CLANG_CXX_LIBRARY = "libc++";
				CLANG_ENABLE_MODULES = YES;
				CLANG_ENABLE_OBJC_ARC = YES;
				CLANG_ENABLE_OBJC_WEAK = YES;
				CLANG_WARN_BLOCK_CAPTURE_AUTORELEASING = YES;
				CLANG_WARN_BOOL_CONVERSION = YES;
				CLANG_WARN_COMMA = YES;
				CLANG_WARN_CONSTANT_CONVERSION = YES;
				CLANG_WARN_DEPRECATED_OBJC_IMPLEMENTATIONS = YES;
				CLANG_WARN_DIRECT_OBJC_ISA_USAGE = YES_ERROR;
				CLANG_WARN_DOCUMENTATION_COMMENTS = YES;
				CLANG_WARN_EMPTY_BODY = YES;
				CLANG_WARN_ENUM_CONVERSION = YES;
				CLANG_WARN_INFINITE_RECURSION = YES;
				CLANG_WARN_INT_CONVERSION = YES;
				CLANG_WARN_NON_LITERAL_NULL_CONVERSION = YES;
				CLANG_WARN_OBJC_IMPLICIT_RETAIN_SELF = YES;
				CLANG_WARN_OBJC_LITERAL_CONVERSION = YES;
				CLANG_WARN_OBJC_ROOT_CLASS = YES_ERROR;
				CLANG_WARN_RANGE_LOOP_ANALYSIS = YES;
				CLANG_WARN_STRICT_PROTOTYPES = YES;
				CLANG_WARN_SUSPICIOUS_MOVE = YES;
				CLANG_WARN_UNGUARDED_AVAILABILITY = YES_AGGRESSIVE;
				CLANG_WARN_UNREACHABLE_CODE = YES;
				CLANG_WARN__DUPLICATE_METHOD_MATCH = YES;
				CODE_SIGN_IDENTITY = "iPhone Developer";
				COPY_PHASE_STRIP = NO;
				DEBUG_INFORMATION_FORMAT = "dwarf-with-dsym";
				ENABLE_NS_ASSERTIONS = NO;
				ENABLE_STRICT_OBJC_MSGSEND = YES;
				GCC_C_LANGUAGE_STANDARD = gnu11;
				GCC_NO_COMMON_BLOCKS = YES;
				GCC_WARN_64_TO_32_BIT_CONVERSION = YES;
				GCC_WARN_ABOUT_RETURN_TYPE = YES_ERROR;
				GCC_WARN_UNDECLARED_SELECTOR = YES;
				GCC_WARN_UNINITIALIZED_AUTOS = YES_AGGRESSIVE;
				GCC_WARN_UNUSED_FUNCTION = YES;
				GCC_WARN_UNUSED_VARIABLE = YES;
				IPHONEOS_DEPLOYMENT_TARGET = 11.3;
				MTL_ENABLE_DEBUG_INFO = NO;
				SDKROOT = iphoneos;
				SWIFT_COMPILATION_MODE = wholemodule;
				SWIFT_OPTIMIZATION_LEVEL = "-O";
				VALIDATE_PRODUCT = YES;
			};
			name = Release;
		};
		D37AE41020ABF90100D15B45 /* Debug */ = {
			isa = XCBuildConfiguration;
			buildSettings = {
				ASSETCATALOG_COMPILER_APPICON_NAME = AppIcon;
				CODE_SIGN_STYLE = Automatic;
				INFOPLIST_FILE = ExTableViewApp/Info.plist;
				LD_RUNPATH_SEARCH_PATHS = (
					"$(inherited)",
					"@executable_path/Frameworks",
				);
				PRODUCT_BUNDLE_IDENTIFIER = com.jung.ExTableViewApp;
				PRODUCT_NAME = "$(TARGET_NAME)";
				SWIFT_VERSION = 4.0;
				TARGETED_DEVICE_FAMILY = "1,2";
			};
			name = Debug;
		};
		D37AE41120ABF90100D15B45 /* Release */ = {
			isa = XCBuildConfiguration;
			buildSettings = {
				ASSETCATALOG_COMPILER_APPICON_NAME = AppIcon;
				CODE_SIGN_STYLE = Automatic;
				INFOPLIST_FILE = ExTableViewApp/Info.plist;
				LD_RUNPATH_SEARCH_PATHS = (
					"$(inherited)",
					"@executable_path/Frameworks",
				);
				PRODUCT_BUNDLE_IDENTIFIER = com.jung.ExTableViewApp;
				PRODUCT_NAME = "$(TARGET_NAME)";
				SWIFT_VERSION = 4.0;
				TARGETED_DEVICE_FAMILY = "1,2";
			};
			name = Release;
		};
/* End XCBuildConfiguration section */

/* Begin XCConfigurationList section */
		D37AE3F520ABF90100D15B45 /* Build configuration list for PBXProject "ExTableViewApp" */ = {
			isa = XCConfigurationList;
			buildConfigurations = (
				D37AE40D20ABF90100D15B45 /* Debug */,
				D37AE40E20ABF90100D15B45 /* Release */,
			);
			defaultConfigurationIsVisible = 0;
			defaultConfigurationName = Release;
		};
		D37AE40F20ABF90100D15B45 /* Build configuration list for PBXNativeTarget "ExTableViewApp" */ = {
			isa = XCConfigurationList;
			buildConfigurations = (
				D37AE41020ABF90100D15B45 /* Debug */,
				D37AE41120ABF90100D15B45 /* Release */,
			);
			defaultConfigurationIsVisible = 0;
			defaultConfigurationName = Release;
		};
/* End XCConfigurationList section */

/* Begin XCVersionGroup section */
		D37AE40420ABF90100D15B45 /* ExTableViewApp.xcdatamodeld */ = {
			isa = XCVersionGroup;
			children = (
				D37AE40520ABF90100D15B45 /* ExTableViewApp.xcdatamodel */,
			);
			currentVersion = D37AE40520ABF90100D15B45 /* ExTableViewApp.xcdatamodel */;
			path = ExTableViewApp.xcdatamodeld;
			sourceTree = "<group>";
			versionGroupType = wrapper.xcdatamodel;
		};
/* End XCVersionGroup section */
	};
	rootObject = D37AE3F220ABF90100D15B45 /* Project object */;
}
