// !$*UTF8*$!
{
	archiveVersion = 1;
	classes = {
	};
	objectVersion = 50;
	objects = {

/* Begin PBXBuildFile section */
		D332B29B20BE350900306CCC /* AppDelegate.swift in Sources */ = {isa = PBXBuildFile; fileRef = D332B29A20BE350900306CCC /* AppDelegate.swift */; };
		D332B29E20BE350900306CCC /* MyMasterDetail.xcdatamodeld in Sources */ = {isa = PBXBuildFile; fileRef = D332B29C20BE350900306CCC /* MyMasterDetail.xcdatamodeld */; };
		D332B2A020BE350900306CCC /* MasterViewController.swift in Sources */ = {isa = PBXBuildFile; fileRef = D332B29F20BE350900306CCC /* MasterViewController.swift */; };
		D332B2A220BE350900306CCC /* DetailViewController.swift in Sources */ = {isa = PBXBuildFile; fileRef = D332B2A120BE350900306CCC /* DetailViewController.swift */; };
		D332B2A520BE350900306CCC /* Main.storyboard in Resources */ = {isa = PBXBuildFile; fileRef = D332B2A320BE350900306CCC /* Main.storyboard */; };
		D332B2A720BE350A00306CCC /* Assets.xcassets in Resources */ = {isa = PBXBuildFile; fileRef = D332B2A620BE350A00306CCC /* Assets.xcassets */; };
		D332B2AA20BE350A00306CCC /* LaunchScreen.storyboard in Resources */ = {isa = PBXBuildFile; fileRef = D332B2A820BE350A00306CCC /* LaunchScreen.storyboard */; };
		D332B2B820BE398E00306CCC /* fireworks006.jpg in Resources */ = {isa = PBXBuildFile; fileRef = D332B2B120BE398D00306CCC /* fireworks006.jpg */; };
		D332B2B920BE398E00306CCC /* fireworks002.jpg in Resources */ = {isa = PBXBuildFile; fileRef = D332B2B220BE398E00306CCC /* fireworks002.jpg */; };
		D332B2BA20BE398E00306CCC /* fireworks007.jpg in Resources */ = {isa = PBXBuildFile; fileRef = D332B2B320BE398E00306CCC /* fireworks007.jpg */; };
		D332B2BB20BE398E00306CCC /* fireworks001.jpg in Resources */ = {isa = PBXBuildFile; fileRef = D332B2B420BE398E00306CCC /* fireworks001.jpg */; };
		D332B2BC20BE398E00306CCC /* fireworks005.jpg in Resources */ = {isa = PBXBuildFile; fileRef = D332B2B520BE398E00306CCC /* fireworks005.jpg */; };
		D332B2BD20BE398E00306CCC /* fireworks003.jpg in Resources */ = {isa = PBXBuildFile; fileRef = D332B2B620BE398E00306CCC /* fireworks003.jpg */; };
		D332B2BE20BE398E00306CCC /* fireworks004.jpg in Resources */ = {isa = PBXBuildFile; fileRef = D332B2B720BE398E00306CCC /* fireworks004.jpg */; };
/* End PBXBuildFile section */

/* Begin PBXFileReference section */
		D332B29720BE350900306CCC /* MyMasterDetail.app */ = {isa = PBXFileReference; explicitFileType = wrapper.application; includeInIndex = 0; path = MyMasterDetail.app; sourceTree = BUILT_PRODUCTS_DIR; };
		D332B29A20BE350900306CCC /* AppDelegate.swift */ = {isa = PBXFileReference; lastKnownFileType = sourcecode.swift; path = AppDelegate.swift; sourceTree = "<group>"; };
		D332B29D20BE350900306CCC /* MyMasterDetail.xcdatamodel */ = {isa = PBXFileReference; lastKnownFileType = wrapper.xcdatamodel; path = MyMasterDetail.xcdatamodel; sourceTree = "<group>"; };
		D332B29F20BE350900306CCC /* MasterViewController.swift */ = {isa = PBXFileReference; lastKnownFileType = sourcecode.swift; path = MasterViewController.swift; sourceTree = "<group>"; };
		D332B2A120BE350900306CCC /* DetailViewController.swift */ = {isa = PBXFileReference; lastKnownFileType = sourcecode.swift; path = DetailViewController.swift; sourceTree = "<group>"; };
		D332B2A420BE350900306CCC /* Base */ = {isa = PBXFileReference; lastKnownFileType = file.storyboard; name = Base; path = Base.lproj/Main.storyboard; sourceTree = "<group>"; };
		D332B2A620BE350A00306CCC /* Assets.xcassets */ = {isa = PBXFileReference; lastKnownFileType = folder.assetcatalog; path = Assets.xcassets; sourceTree = "<group>"; };
		D332B2A920BE350A00306CCC /* Base */ = {isa = PBXFileReference; lastKnownFileType = file.storyboard; name = Base; path = Base.lproj/LaunchScreen.storyboard; sourceTree = "<group>"; };
		D332B2AB20BE350A00306CCC /* Info.plist */ = {isa = PBXFileReference; lastKnownFileType = text.plist.xml; path = Info.plist; sourceTree = "<group>"; };
		D332B2B120BE398D00306CCC /* fireworks006.jpg */ = {isa = PBXFileReference; lastKnownFileType = image.jpeg; name = fireworks006.jpg; path = "../강의자료/ExMasterDetail/photo/fireworks006.jpg"; sourceTree = "<group>"; };
		D332B2B220BE398E00306CCC /* fireworks002.jpg */ = {isa = PBXFileReference; lastKnownFileType = image.jpeg; name = fireworks002.jpg; path = "../강의자료/ExMasterDetail/photo/fireworks002.jpg"; sourceTree = "<group>"; };
		D332B2B320BE398E00306CCC /* fireworks007.jpg */ = {isa = PBXFileReference; lastKnownFileType = image.jpeg; name = fireworks007.jpg; path = "../강의자료/ExMasterDetail/photo/fireworks007.jpg"; sourceTree = "<group>"; };
		D332B2B420BE398E00306CCC /* fireworks001.jpg */ = {isa = PBXFileReference; lastKnownFileType = image.jpeg; name = fireworks001.jpg; path = "../강의자료/ExMasterDetail/photo/fireworks001.jpg"; sourceTree = "<group>"; };
		D332B2B520BE398E00306CCC /* fireworks005.jpg */ = {isa = PBXFileReference; lastKnownFileType = image.jpeg; name = fireworks005.jpg; path = "../강의자료/ExMasterDetail/photo/fireworks005.jpg"; sourceTree = "<group>"; };
		D332B2B620BE398E00306CCC /* fireworks003.jpg */ = {isa = PBXFileReference; lastKnownFileType = image.jpeg; name = fireworks003.jpg; path = "../강의자료/ExMasterDetail/photo/fireworks003.jpg"; sourceTree = "<group>"; };
		D332B2B720BE398E00306CCC /* fireworks004.jpg */ = {isa = PBXFileReference; lastKnownFileType = image.jpeg; name = fireworks004.jpg; path = "../강의자료/ExMasterDetail/photo/fireworks004.jpg"; sourceTree = "<group>"; };
/* End PBXFileReference section */

/* Begin PBXFrameworksBuildPhase section */
		D332B29420BE350900306CCC /* Frameworks */ = {
			isa = PBXFrameworksBuildPhase;
			buildActionMask = 2147483647;
			files = (
			);
			runOnlyForDeploymentPostprocessing = 0;
		};
/* End PBXFrameworksBuildPhase section */

/* Begin PBXGroup section */
		D332B28E20BE350900306CCC = {
			isa = PBXGroup;
			children = (
				D332B2B420BE398E00306CCC /* fireworks001.jpg */,
				D332B2B220BE398E00306CCC /* fireworks002.jpg */,
				D332B2B620BE398E00306CCC /* fireworks003.jpg */,
				D332B2B720BE398E00306CCC /* fireworks004.jpg */,
				D332B2B520BE398E00306CCC /* fireworks005.jpg */,
				D332B2B120BE398D00306CCC /* fireworks006.jpg */,
				D332B2B320BE398E00306CCC /* fireworks007.jpg */,
				D332B29920BE350900306CCC /* MyMasterDetail */,
				D332B29820BE350900306CCC /* Products */,
			);
			sourceTree = "<group>";
		};
		D332B29820BE350900306CCC /* Products */ = {
			isa = PBXGroup;
			children = (
				D332B29720BE350900306CCC /* MyMasterDetail.app */,
			);
			name = Products;
			sourceTree = "<group>";
		};
		D332B29920BE350900306CCC /* MyMasterDetail */ = {
			isa = PBXGroup;
			children = (
				D332B29A20BE350900306CCC /* AppDelegate.swift */,
				D332B29F20BE350900306CCC /* MasterViewController.swift */,
				D332B2A120BE350900306CCC /* DetailViewController.swift */,
				D332B2A320BE350900306CCC /* Main.storyboard */,
				D332B2A620BE350A00306CCC /* Assets.xcassets */,
				D332B2A820BE350A00306CCC /* LaunchScreen.storyboard */,
				D332B2AB20BE350A00306CCC /* Info.plist */,
				D332B29C20BE350900306CCC /* MyMasterDetail.xcdatamodeld */,
			);
			path = MyMasterDetail;
			sourceTree = "<group>";
		};
/* End PBXGroup section */

/* Begin PBXNativeTarget section */
		D332B29620BE350900306CCC /* MyMasterDetail */ = {
			isa = PBXNativeTarget;
			buildConfigurationList = D332B2AE20BE350A00306CCC /* Build configuration list for PBXNativeTarget "MyMasterDetail" */;
			buildPhases = (
				D332B29320BE350900306CCC /* Sources */,
				D332B29420BE350900306CCC /* Frameworks */,
				D332B29520BE350900306CCC /* Resources */,
			);
			buildRules = (
			);
			dependencies = (
			);
			name = MyMasterDetail;
			productName = MyMasterDetail;
			productReference = D332B29720BE350900306CCC /* MyMasterDetail.app */;
			productType = "com.apple.product-type.application";
		};
/* End PBXNativeTarget section */

/* Begin PBXProject section */
		D332B28F20BE350900306CCC /* Project object */ = {
			isa = PBXProject;
			attributes = {
				LastSwiftUpdateCheck = 0930;
				LastUpgradeCheck = 0930;
				ORGANIZATIONNAME = jung;
				TargetAttributes = {
					D332B29620BE350900306CCC = {
						CreatedOnToolsVersion = 9.3;
					};
				};
			};
			buildConfigurationList = D332B29220BE350900306CCC /* Build configuration list for PBXProject "MyMasterDetail" */;
			compatibilityVersion = "Xcode 9.3";
			developmentRegion = en;
			hasScannedForEncodings = 0;
			knownRegions = (
				en,
				Base,
			);
			mainGroup = D332B28E20BE350900306CCC;
			productRefGroup = D332B29820BE350900306CCC /* Products */;
			projectDirPath = "";
			projectRoot = "";
			targets = (
				D332B29620BE350900306CCC /* MyMasterDetail */,
			);
		};
/* End PBXProject section */

/* Begin PBXResourcesBuildPhase section */
		D332B29520BE350900306CCC /* Resources */ = {
			isa = PBXResourcesBuildPhase;
			buildActionMask = 2147483647;
			files = (
				D332B2BC20BE398E00306CCC /* fireworks005.jpg in Resources */,
				D332B2AA20BE350A00306CCC /* LaunchScreen.storyboard in Resources */,
				D332B2B820BE398E00306CCC /* fireworks006.jpg in Resources */,
				D332B2B920BE398E00306CCC /* fireworks002.jpg in Resources */,
				D332B2BD20BE398E00306CCC /* fireworks003.jpg in Resources */,
				D332B2A720BE350A00306CCC /* Assets.xcassets in Resources */,
				D332B2BA20BE398E00306CCC /* fireworks007.jpg in Resources */,
				D332B2BE20BE398E00306CCC /* fireworks004.jpg in Resources */,
				D332B2A520BE350900306CCC /* Main.storyboard in Resources */,
				D332B2BB20BE398E00306CCC /* fireworks001.jpg in Resources */,
			);
			runOnlyForDeploymentPostprocessing = 0;
		};
/* End PBXResourcesBuildPhase section */

/* Begin PBXSourcesBuildPhase section */
		D332B29320BE350900306CCC /* Sources */ = {
			isa = PBXSourcesBuildPhase;
			buildActionMask = 2147483647;
			files = (
				D332B29E20BE350900306CCC /* MyMasterDetail.xcdatamodeld in Sources */,
				D332B29B20BE350900306CCC /* AppDelegate.swift in Sources */,
				D332B2A020BE350900306CCC /* MasterViewController.swift in Sources */,
				D332B2A220BE350900306CCC /* DetailViewController.swift in Sources */,
			);
			runOnlyForDeploymentPostprocessing = 0;
		};
/* End PBXSourcesBuildPhase section */

/* Begin PBXVariantGroup section */
		D332B2A320BE350900306CCC /* Main.storyboard */ = {
			isa = PBXVariantGroup;
			children = (
				D332B2A420BE350900306CCC /* Base */,
			);
			name = Main.storyboard;
			sourceTree = "<group>";
		};
		D332B2A820BE350A00306CCC /* LaunchScreen.storyboard */ = {
			isa = PBXVariantGroup;
			children = (
				D332B2A920BE350A00306CCC /* Base */,
			);
			name = LaunchScreen.storyboard;
			sourceTree = "<group>";
		};
/* End PBXVariantGroup section */

/* Begin XCBuildConfiguration section */
		D332B2AC20BE350A00306CCC /* Debug */ = {
			isa = XCBuildConfiguration;
			buildSettings = {
				ALWAYS_SEARCH_USER_PATHS = NO;
				CLANG_ANALYZER_NONNULL = YES;
				CLANG_ANALYZER_NUMBER_OBJECT_CONVERSION = YES_AGGRESSIVE;
				CLANG_CXX_LANGUAGE_STANDARD = "gnu++14";
				CLANG_CXX_LIBRARY = "libc++";
				CLANG_ENABLE_MODULES = YES;
				CLANG_ENABLE_OBJC_ARC = YES;
				CLANG_ENABLE_OBJC_WEAK = YES;
				CLANG_WARN_BLOCK_CAPTURE_AUTORELEASING = YES;
				CLANG_WARN_BOOL_CONVERSION = YES;
				CLANG_WARN_COMMA = YES;
				CLANG_WARN_CONSTANT_CONVERSION = YES;
				CLANG_WARN_DEPRECATED_OBJC_IMPLEMENTATIONS = YES;
				CLANG_WARN_DIRECT_OBJC_ISA_USAGE = YES_ERROR;
				CLANG_WARN_DOCUMENTATION_COMMENTS = YES;
				CLANG_WARN_EMPTY_BODY = YES;
				CLANG_WARN_ENUM_CONVERSION = YES;
				CLANG_WARN_INFINITE_RECURSION = YES;
				CLANG_WARN_INT_CONVERSION = YES;
				CLANG_WARN_NON_LITERAL_NULL_CONVERSION = YES;
				CLANG_WARN_OBJC_IMPLICIT_RETAIN_SELF = YES;
				CLANG_WARN_OBJC_LITERAL_CONVERSION = YES;
				CLANG_WARN_OBJC_ROOT_CLASS = YES_ERROR;
				CLANG_WARN_RANGE_LOOP_ANALYSIS = YES;
				CLANG_WARN_STRICT_PROTOTYPES = YES;
				CLANG_WARN_SUSPICIOUS_MOVE = YES;
				CLANG_WARN_UNGUARDED_AVAILABILITY = YES_AGGRESSIVE;
				CLANG_WARN_UNREACHABLE_CODE = YES;
				CLANG_WARN__DUPLICATE_METHOD_MATCH = YES;
				CODE_SIGN_IDENTITY = "iPhone Developer";
				COPY_PHASE_STRIP = NO;
				DEBUG_INFORMATION_FORMAT = dwarf;
				ENABLE_STRICT_OBJC_MSGSEND = YES;
				ENABLE_TESTABILITY = YES;
				GCC_C_LANGUAGE_STANDARD = gnu11;
				GCC_DYNAMIC_NO_PIC = NO;
				GCC_NO_COMMON_BLOCKS = YES;
				GCC_OPTIMIZATION_LEVEL = 0;
				GCC_PREPROCESSOR_DEFINITIONS = (
					"DEBUG=1",
					"$(inherited)",
				);
				GCC_WARN_64_TO_32_BIT_CONVERSION = YES;
				GCC_WARN_ABOUT_RETURN_TYPE = YES_ERROR;
				GCC_WARN_UNDECLARED_SELECTOR = YES;
				GCC_WARN_UNINITIALIZED_AUTOS = YES_AGGRESSIVE;
				GCC_WARN_UNUSED_FUNCTION = YES;
				GCC_WARN_UNUSED_VARIABLE = YES;
				IPHONEOS_DEPLOYMENT_TARGET = 11.3;
				MTL_ENABLE_DEBUG_INFO = YES;
				ONLY_ACTIVE_ARCH = YES;
				SDKROOT = iphoneos;
				SWIFT_ACTIVE_COMPILATION_CONDITIONS = DEBUG;
				SWIFT_OPTIMIZATION_LEVEL = "-Onone";
			};
			name = Debug;
		};
		D332B2AD20BE350A00306CCC /* Release */ = {
			isa = XCBuildConfiguration;
			buildSettings = {
				ALWAYS_SEARCH_USER_PATHS = NO;
				CLANG_ANALYZER_NONNULL = YES;
				CLANG_ANALYZER_NUMBER_OBJECT_CONVERSION = YES_AGGRESSIVE;
				CLANG_CXX_LANGUAGE_STANDARD = "gnu++14";
				CLANG_CXX_LIBRARY = "libc++";
				CLANG_ENABLE_MODULES = YES;
				CLANG_ENABLE_OBJC_ARC = YES;
				CLANG_ENABLE_OBJC_WEAK = YES;
				CLANG_WARN_BLOCK_CAPTURE_AUTORELEASING = YES;
				CLANG_WARN_BOOL_CONVERSION = YES;
				CLANG_WARN_COMMA = YES;
				CLANG_WARN_CONSTANT_CONVERSION = YES;
				CLANG_WARN_DEPRECATED_OBJC_IMPLEMENTATIONS = YES;
				CLANG_WARN_DIRECT_OBJC_ISA_USAGE = YES_ERROR;
				CLANG_WARN_DOCUMENTATION_COMMENTS = YES;
				CLANG_WARN_EMPTY_BODY = YES;
				CLANG_WARN_ENUM_CONVERSION = YES;
				CLANG_WARN_INFINITE_RECURSION = YES;
				CLANG_WARN_INT_CONVERSION = YES;
				CLANG_WARN_NON_LITERAL_NULL_CONVERSION = YES;
				CLANG_WARN_OBJC_IMPLICIT_RETAIN_SELF = YES;
				CLANG_WARN_OBJC_LITERAL_CONVERSION = YES;
				CLANG_WARN_OBJC_ROOT_CLASS = YES_ERROR;
				CLANG_WARN_RANGE_LOOP_ANALYSIS = YES;
				CLANG_WARN_STRICT_PROTOTYPES = YES;
				CLANG_WARN_SUSPICIOUS_MOVE = YES;
				CLANG_WARN_UNGUARDED_AVAILABILITY = YES_AGGRESSIVE;
				CLANG_WARN_UNREACHABLE_CODE = YES;
				CLANG_WARN__DUPLICATE_METHOD_MATCH = YES;
				CODE_SIGN_IDENTITY = "iPhone Developer";
				COPY_PHASE_STRIP = NO;
				DEBUG_INFORMATION_FORMAT = "dwarf-with-dsym";
				ENABLE_NS_ASSERTIONS = NO;
				ENABLE_STRICT_OBJC_MSGSEND = YES;
				GCC_C_LANGUAGE_STANDARD = gnu11;
				GCC_NO_COMMON_BLOCKS = YES;
				GCC_WARN_64_TO_32_BIT_CONVERSION = YES;
				GCC_WARN_ABOUT_RETURN_TYPE = YES_ERROR;
				GCC_WARN_UNDECLARED_SELECTOR = YES;
				GCC_WARN_UNINITIALIZED_AUTOS = YES_AGGRESSIVE;
				GCC_WARN_UNUSED_FUNCTION = YES;
				GCC_WARN_UNUSED_VARIABLE = YES;
				IPHONEOS_DEPLOYMENT_TARGET = 11.3;
				MTL_ENABLE_DEBUG_INFO = NO;
				SDKROOT = iphoneos;
				SWIFT_COMPILATION_MODE = wholemodule;
				SWIFT_OPTIMIZATION_LEVEL = "-O";
				VALIDATE_PRODUCT = YES;
			};
			name = Release;
		};
		D332B2AF20BE350A00306CCC /* Debug */ = {
			isa = XCBuildConfiguration;
			buildSettings = {
				ASSETCATALOG_COMPILER_APPICON_NAME = AppIcon;
				CODE_SIGN_STYLE = Automatic;
				INFOPLIST_FILE = MyMasterDetail/Info.plist;
				LD_RUNPATH_SEARCH_PATHS = (
					"$(inherited)",
					"@executable_path/Frameworks",
				);
				PRODUCT_BUNDLE_IDENTIFIER = com.jung.MyMasterDetail;
				PRODUCT_NAME = "$(TARGET_NAME)";
				SWIFT_VERSION = 4.0;
				TARGETED_DEVICE_FAMILY = "1,2";
			};
			name = Debug;
		};
		D332B2B020BE350A00306CCC /* Release */ = {
			isa = XCBuildConfiguration;
			buildSettings = {
				ASSETCATALOG_COMPILER_APPICON_NAME = AppIcon;
				CODE_SIGN_STYLE = Automatic;
				INFOPLIST_FILE = MyMasterDetail/Info.plist;
				LD_RUNPATH_SEARCH_PATHS = (
					"$(inherited)",
					"@executable_path/Frameworks",
				);
				PRODUCT_BUNDLE_IDENTIFIER = com.jung.MyMasterDetail;
				PRODUCT_NAME = "$(TARGET_NAME)";
				SWIFT_VERSION = 4.0;
				TARGETED_DEVICE_FAMILY = "1,2";
			};
			name = Release;
		};
/* End XCBuildConfiguration section */

/* Begin XCConfigurationList section */
		D332B29220BE350900306CCC /* Build configuration list for PBXProject "MyMasterDetail" */ = {
			isa = XCConfigurationList;
			buildConfigurations = (
				D332B2AC20BE350A00306CCC /* Debug */,
				D332B2AD20BE350A00306CCC /* Release */,
			);
			defaultConfigurationIsVisible = 0;
			defaultConfigurationName = Release;
		};
		D332B2AE20BE350A00306CCC /* Build configuration list for PBXNativeTarget "MyMasterDetail" */ = {
			isa = XCConfigurationList;
			buildConfigurations = (
				D332B2AF20BE350A00306CCC /* Debug */,
				D332B2B020BE350A00306CCC /* Release */,
			);
			defaultConfigurationIsVisible = 0;
			defaultConfigurationName = Release;
		};
/* End XCConfigurationList section */

/* Begin XCVersionGroup section */
		D332B29C20BE350900306CCC /* MyMasterDetail.xcdatamodeld */ = {
			isa = XCVersionGroup;
			children = (
				D332B29D20BE350900306CCC /* MyMasterDetail.xcdatamodel */,
			);
			currentVersion = D332B29D20BE350900306CCC /* MyMasterDetail.xcdatamodel */;
			path = MyMasterDetail.xcdatamodeld;
			sourceTree = "<group>";
			versionGroupType = wrapper.xcdatamodel;
		};
/* End XCVersionGroup section */
	};
	rootObject = D332B28F20BE350900306CCC /* Project object */;
}
