// !$*UTF8*$!
{
	archiveVersion = 1;
	classes = {
	};
	objectVersion = 50;
	objects = {

/* Begin PBXBuildFile section */
		D3475469209018D800156BE7 /* AppDelegate.swift in Sources */ = {isa = PBXBuildFile; fileRef = D3475468209018D800156BE7 /* AppDelegate.swift */; };
		D347546B209018D800156BE7 /* ViewController.swift in Sources */ = {isa = PBXBuildFile; fileRef = D347546A209018D800156BE7 /* ViewController.swift */; };
		D347546E209018D800156BE7 /* Main.storyboard in Resources */ = {isa = PBXBuildFile; fileRef = D347546C209018D800156BE7 /* Main.storyboard */; };
		D3475470209018D900156BE7 /* Assets.xcassets in Resources */ = {isa = PBXBuildFile; fileRef = D347546F209018D900156BE7 /* Assets.xcassets */; };
		D3475473209018D900156BE7 /* LaunchScreen.storyboard in Resources */ = {isa = PBXBuildFile; fileRef = D3475471209018D900156BE7 /* LaunchScreen.storyboard */; };
		D347547C2090359600156BE7 /* flower1.jpg in Resources */ = {isa = PBXBuildFile; fileRef = D347547A2090359600156BE7 /* flower1.jpg */; };
		D347547D2090359600156BE7 /* flower2.jpg in Resources */ = {isa = PBXBuildFile; fileRef = D347547B2090359600156BE7 /* flower2.jpg */; };
/* End PBXBuildFile section */

/* Begin PBXFileReference section */
		D3475465209018D800156BE7 /* Test1_20180425.app */ = {isa = PBXFileReference; explicitFileType = wrapper.application; includeInIndex = 0; path = Test1_20180425.app; sourceTree = BUILT_PRODUCTS_DIR; };
		D3475468209018D800156BE7 /* AppDelegate.swift */ = {isa = PBXFileReference; lastKnownFileType = sourcecode.swift; path = AppDelegate.swift; sourceTree = "<group>"; };
		D347546A209018D800156BE7 /* ViewController.swift */ = {isa = PBXFileReference; lastKnownFileType = sourcecode.swift; path = ViewController.swift; sourceTree = "<group>"; };
		D347546D209018D800156BE7 /* Base */ = {isa = PBXFileReference; lastKnownFileType = file.storyboard; name = Base; path = Base.lproj/Main.storyboard; sourceTree = "<group>"; };
		D347546F209018D900156BE7 /* Assets.xcassets */ = {isa = PBXFileReference; lastKnownFileType = folder.assetcatalog; path = Assets.xcassets; sourceTree = "<group>"; };
		D3475472209018D900156BE7 /* Base */ = {isa = PBXFileReference; lastKnownFileType = file.storyboard; name = Base; path = Base.lproj/LaunchScreen.storyboard; sourceTree = "<group>"; };
		D3475474209018D900156BE7 /* Info.plist */ = {isa = PBXFileReference; lastKnownFileType = text.plist.xml; path = Info.plist; sourceTree = "<group>"; };
		D347547A2090359600156BE7 /* flower1.jpg */ = {isa = PBXFileReference; lastKnownFileType = image.jpeg; path = flower1.jpg; sourceTree = "<group>"; };
		D347547B2090359600156BE7 /* flower2.jpg */ = {isa = PBXFileReference; lastKnownFileType = image.jpeg; path = flower2.jpg; sourceTree = "<group>"; };
/* End PBXFileReference section */

/* Begin PBXFrameworksBuildPhase section */
		D3475462209018D800156BE7 /* Frameworks */ = {
			isa = PBXFrameworksBuildPhase;
			buildActionMask = 2147483647;
			files = (
			);
			runOnlyForDeploymentPostprocessing = 0;
		};
/* End PBXFrameworksBuildPhase section */

/* Begin PBXGroup section */
		D347545C209018D800156BE7 = {
			isa = PBXGroup;
			children = (
				D347547A2090359600156BE7 /* flower1.jpg */,
				D347547B2090359600156BE7 /* flower2.jpg */,
				D3475467209018D800156BE7 /* Test1_20180425 */,
				D3475466209018D800156BE7 /* Products */,
			);
			sourceTree = "<group>";
		};
		D3475466209018D800156BE7 /* Products */ = {
			isa = PBXGroup;
			children = (
				D3475465209018D800156BE7 /* Test1_20180425.app */,
			);
			name = Products;
			sourceTree = "<group>";
		};
		D3475467209018D800156BE7 /* Test1_20180425 */ = {
			isa = PBXGroup;
			children = (
				D3475468209018D800156BE7 /* AppDelegate.swift */,
				D347546A209018D800156BE7 /* ViewController.swift */,
				D347546C209018D800156BE7 /* Main.storyboard */,
				D347546F209018D900156BE7 /* Assets.xcassets */,
				D3475471209018D900156BE7 /* LaunchScreen.storyboard */,
				D3475474209018D900156BE7 /* Info.plist */,
			);
			path = Test1_20180425;
			sourceTree = "<group>";
		};
/* End PBXGroup section */

/* Begin PBXNativeTarget section */
		D3475464209018D800156BE7 /* Test1_20180425 */ = {
			isa = PBXNativeTarget;
			buildConfigurationList = D3475477209018D900156BE7 /* Build configuration list for PBXNativeTarget "Test1_20180425" */;
			buildPhases = (
				D3475461209018D800156BE7 /* Sources */,
				D3475462209018D800156BE7 /* Frameworks */,
				D3475463209018D800156BE7 /* Resources */,
			);
			buildRules = (
			);
			dependencies = (
			);
			name = Test1_20180425;
			productName = Test1_20180425;
			productReference = D3475465209018D800156BE7 /* Test1_20180425.app */;
			productType = "com.apple.product-type.application";
		};
/* End PBXNativeTarget section */

/* Begin PBXProject section */
		D347545D209018D800156BE7 /* Project object */ = {
			isa = PBXProject;
			attributes = {
				LastSwiftUpdateCheck = 0930;
				LastUpgradeCheck = 0930;
				ORGANIZATIONNAME = jung;
				TargetAttributes = {
					D3475464209018D800156BE7 = {
						CreatedOnToolsVersion = 9.3;
					};
				};
			};
			buildConfigurationList = D3475460209018D800156BE7 /* Build configuration list for PBXProject "Test1_20180425" */;
			compatibilityVersion = "Xcode 9.3";
			developmentRegion = en;
			hasScannedForEncodings = 0;
			knownRegions = (
				en,
				Base,
			);
			mainGroup = D347545C209018D800156BE7;
			productRefGroup = D3475466209018D800156BE7 /* Products */;
			projectDirPath = "";
			projectRoot = "";
			targets = (
				D3475464209018D800156BE7 /* Test1_20180425 */,
			);
		};
/* End PBXProject section */

/* Begin PBXResourcesBuildPhase section */
		D3475463209018D800156BE7 /* Resources */ = {
			isa = PBXResourcesBuildPhase;
			buildActionMask = 2147483647;
			files = (
				D347547D2090359600156BE7 /* flower2.jpg in Resources */,
				D3475473209018D900156BE7 /* LaunchScreen.storyboard in Resources */,
				D3475470209018D900156BE7 /* Assets.xcassets in Resources */,
				D347547C2090359600156BE7 /* flower1.jpg in Resources */,
				D347546E209018D800156BE7 /* Main.storyboard in Resources */,
			);
			runOnlyForDeploymentPostprocessing = 0;
		};
/* End PBXResourcesBuildPhase section */

/* Begin PBXSourcesBuildPhase section */
		D3475461209018D800156BE7 /* Sources */ = {
			isa = PBXSourcesBuildPhase;
			buildActionMask = 2147483647;
			files = (
				D347546B209018D800156BE7 /* ViewController.swift in Sources */,
				D3475469209018D800156BE7 /* AppDelegate.swift in Sources */,
			);
			runOnlyForDeploymentPostprocessing = 0;
		};
/* End PBXSourcesBuildPhase section */

/* Begin PBXVariantGroup section */
		D347546C209018D800156BE7 /* Main.storyboard */ = {
			isa = PBXVariantGroup;
			children = (
				D347546D209018D800156BE7 /* Base */,
			);
			name = Main.storyboard;
			sourceTree = "<group>";
		};
		D3475471209018D900156BE7 /* LaunchScreen.storyboard */ = {
			isa = PBXVariantGroup;
			children = (
				D3475472209018D900156BE7 /* Base */,
			);
			name = LaunchScreen.storyboard;
			sourceTree = "<group>";
		};
/* End PBXVariantGroup section */

/* Begin XCBuildConfiguration section */
		D3475475209018D900156BE7 /* Debug */ = {
			isa = XCBuildConfiguration;
			buildSettings = {
				ALWAYS_SEARCH_USER_PATHS = NO;
				CLANG_ANALYZER_NONNULL = YES;
				CLANG_ANALYZER_NUMBER_OBJECT_CONVERSION = YES_AGGRESSIVE;
				CLANG_CXX_LANGUAGE_STANDARD = "gnu++14";
				CLANG_CXX_LIBRARY = "libc++";
				CLANG_ENABLE_MODULES = YES;
				CLANG_ENABLE_OBJC_ARC = YES;
				CLANG_ENABLE_OBJC_WEAK = YES;
				CLANG_WARN_BLOCK_CAPTURE_AUTORELEASING = YES;
				CLANG_WARN_BOOL_CONVERSION = YES;
				CLANG_WARN_COMMA = YES;
				CLANG_WARN_CONSTANT_CONVERSION = YES;
				CLANG_WARN_DEPRECATED_OBJC_IMPLEMENTATIONS = YES;
				CLANG_WARN_DIRECT_OBJC_ISA_USAGE = YES_ERROR;
				CLANG_WARN_DOCUMENTATION_COMMENTS = YES;
				CLANG_WARN_EMPTY_BODY = YES;
				CLANG_WARN_ENUM_CONVERSION = YES;
				CLANG_WARN_INFINITE_RECURSION = YES;
				CLANG_WARN_INT_CONVERSION = YES;
				CLANG_WARN_NON_LITERAL_NULL_CONVERSION = YES;
				CLANG_WARN_OBJC_IMPLICIT_RETAIN_SELF = YES;
				CLANG_WARN_OBJC_LITERAL_CONVERSION = YES;
				CLANG_WARN_OBJC_ROOT_CLASS = YES_ERROR;
				CLANG_WARN_RANGE_LOOP_ANALYSIS = YES;
				CLANG_WARN_STRICT_PROTOTYPES = YES;
				CLANG_WARN_SUSPICIOUS_MOVE = YES;
				CLANG_WARN_UNGUARDED_AVAILABILITY = YES_AGGRESSIVE;
				CLANG_WARN_UNREACHABLE_CODE = YES;
				CLANG_WARN__DUPLICATE_METHOD_MATCH = YES;
				CODE_SIGN_IDENTITY = "iPhone Developer";
				COPY_PHASE_STRIP = NO;
				DEBUG_INFORMATION_FORMAT = dwarf;
				ENABLE_STRICT_OBJC_MSGSEND = YES;
				ENABLE_TESTABILITY = YES;
				GCC_C_LANGUAGE_STANDARD = gnu11;
				GCC_DYNAMIC_NO_PIC = NO;
				GCC_NO_COMMON_BLOCKS = YES;
				GCC_OPTIMIZATION_LEVEL = 0;
				GCC_PREPROCESSOR_DEFINITIONS = (
					"DEBUG=1",
					"$(inherited)",
				);
				GCC_WARN_64_TO_32_BIT_CONVERSION = YES;
				GCC_WARN_ABOUT_RETURN_TYPE = YES_ERROR;
				GCC_WARN_UNDECLARED_SELECTOR = YES;
				GCC_WARN_UNINITIALIZED_AUTOS = YES_AGGRESSIVE;
				GCC_WARN_UNUSED_FUNCTION = YES;
				GCC_WARN_UNUSED_VARIABLE = YES;
				IPHONEOS_DEPLOYMENT_TARGET = 11.3;
				MTL_ENABLE_DEBUG_INFO = YES;
				ONLY_ACTIVE_ARCH = YES;
				SDKROOT = iphoneos;
				SWIFT_ACTIVE_COMPILATION_CONDITIONS = DEBUG;
				SWIFT_OPTIMIZATION_LEVEL = "-Onone";
			};
			name = Debug;
		};
		D3475476209018D900156BE7 /* Release */ = {
			isa = XCBuildConfiguration;
			buildSettings = {
				ALWAYS_SEARCH_USER_PATHS = NO;
				CLANG_ANALYZER_NONNULL = YES;
				CLANG_ANALYZER_NUMBER_OBJECT_CONVERSION = YES_AGGRESSIVE;
				CLANG_CXX_LANGUAGE_STANDARD = "gnu++14";
				CLANG_CXX_LIBRARY = "libc++";
				CLANG_ENABLE_MODULES = YES;
				CLANG_ENABLE_OBJC_ARC = YES;
				CLANG_ENABLE_OBJC_WEAK = YES;
				CLANG_WARN_BLOCK_CAPTURE_AUTORELEASING = YES;
				CLANG_WARN_BOOL_CONVERSION = YES;
				CLANG_WARN_COMMA = YES;
				CLANG_WARN_CONSTANT_CONVERSION = YES;
				CLANG_WARN_DEPRECATED_OBJC_IMPLEMENTATIONS = YES;
				CLANG_WARN_DIRECT_OBJC_ISA_USAGE = YES_ERROR;
				CLANG_WARN_DOCUMENTATION_COMMENTS = YES;
				CLANG_WARN_EMPTY_BODY = YES;
				CLANG_WARN_ENUM_CONVERSION = YES;
				CLANG_WARN_INFINITE_RECURSION = YES;
				CLANG_WARN_INT_CONVERSION = YES;
				CLANG_WARN_NON_LITERAL_NULL_CONVERSION = YES;
				CLANG_WARN_OBJC_IMPLICIT_RETAIN_SELF = YES;
				CLANG_WARN_OBJC_LITERAL_CONVERSION = YES;
				CLANG_WARN_OBJC_ROOT_CLASS = YES_ERROR;
				CLANG_WARN_RANGE_LOOP_ANALYSIS = YES;
				CLANG_WARN_STRICT_PROTOTYPES = YES;
				CLANG_WARN_SUSPICIOUS_MOVE = YES;
				CLANG_WARN_UNGUARDED_AVAILABILITY = YES_AGGRESSIVE;
				CLANG_WARN_UNREACHABLE_CODE = YES;
				CLANG_WARN__DUPLICATE_METHOD_MATCH = YES;
				CODE_SIGN_IDENTITY = "iPhone Developer";
				COPY_PHASE_STRIP = NO;
				DEBUG_INFORMATION_FORMAT = "dwarf-with-dsym";
				ENABLE_NS_ASSERTIONS = NO;
				ENABLE_STRICT_OBJC_MSGSEND = YES;
				GCC_C_LANGUAGE_STANDARD = gnu11;
				GCC_NO_COMMON_BLOCKS = YES;
				GCC_WARN_64_TO_32_BIT_CONVERSION = YES;
				GCC_WARN_ABOUT_RETURN_TYPE = YES_ERROR;
				GCC_WARN_UNDECLARED_SELECTOR = YES;
				GCC_WARN_UNINITIALIZED_AUTOS = YES_AGGRESSIVE;
				GCC_WARN_UNUSED_FUNCTION = YES;
				GCC_WARN_UNUSED_VARIABLE = YES;
				IPHONEOS_DEPLOYMENT_TARGET = 11.3;
				MTL_ENABLE_DEBUG_INFO = NO;
				SDKROOT = iphoneos;
				SWIFT_COMPILATION_MODE = wholemodule;
				SWIFT_OPTIMIZATION_LEVEL = "-O";
				VALIDATE_PRODUCT = YES;
			};
			name = Release;
		};
		D3475478209018D900156BE7 /* Debug */ = {
			isa = XCBuildConfiguration;
			buildSettings = {
				ASSETCATALOG_COMPILER_APPICON_NAME = AppIcon;
				CODE_SIGN_STYLE = Automatic;
				INFOPLIST_FILE = Test1_20180425/Info.plist;
				LD_RUNPATH_SEARCH_PATHS = (
					"$(inherited)",
					"@executable_path/Frameworks",
				);
				PRODUCT_BUNDLE_IDENTIFIER = "com.jung.Test1-20180425";
				PRODUCT_NAME = "$(TARGET_NAME)";
				SWIFT_VERSION = 4.0;
				TARGETED_DEVICE_FAMILY = "1,2";
			};
			name = Debug;
		};
		D3475479209018D900156BE7 /* Release */ = {
			isa = XCBuildConfiguration;
			buildSettings = {
				ASSETCATALOG_COMPILER_APPICON_NAME = AppIcon;
				CODE_SIGN_STYLE = Automatic;
				INFOPLIST_FILE = Test1_20180425/Info.plist;
				LD_RUNPATH_SEARCH_PATHS = (
					"$(inherited)",
					"@executable_path/Frameworks",
				);
				PRODUCT_BUNDLE_IDENTIFIER = "com.jung.Test1-20180425";
				PRODUCT_NAME = "$(TARGET_NAME)";
				SWIFT_VERSION = 4.0;
				TARGETED_DEVICE_FAMILY = "1,2";
			};
			name = Release;
		};
/* End XCBuildConfiguration section */

/* Begin XCConfigurationList section */
		D3475460209018D800156BE7 /* Build configuration list for PBXProject "Test1_20180425" */ = {
			isa = XCConfigurationList;
			buildConfigurations = (
				D3475475209018D900156BE7 /* Debug */,
				D3475476209018D900156BE7 /* Release */,
			);
			defaultConfigurationIsVisible = 0;
			defaultConfigurationName = Release;
		};
		D3475477209018D900156BE7 /* Build configuration list for PBXNativeTarget "Test1_20180425" */ = {
			isa = XCConfigurationList;
			buildConfigurations = (
				D3475478209018D900156BE7 /* Debug */,
				D3475479209018D900156BE7 /* Release */,
			);
			defaultConfigurationIsVisible = 0;
			defaultConfigurationName = Release;
		};
/* End XCConfigurationList section */
	};
	rootObject = D347545D209018D800156BE7 /* Project object */;
}
